
Microsoft Visual Studio Solution File, Format Version 12.00
# Visual Studio Version 17
VisualStudioVersion = 17.4.33213.308
MinimumVisualStudioVersion = 10.0.40219.1
Project("{FAE04EC0-301F-11D3-BF4B-00C04F79EFBC}") = "20230813_OverLoadMetod_Ornek1", "20230813_OverLoadMetod_Ornek1\20230813_OverLoadMetod_Ornek1.csproj", "{CC48BAAA-59CD-477E-B5FD-038E34F28BFB}"
EndProject
Global
	GlobalSection(SolutionConfigurationPlatforms) = preSolution
		Debug|Any CPU = Debug|Any CPU
		Release|Any CPU = Release|Any CPU
	EndGlobalSection
	GlobalSection(ProjectConfigurationPlatforms) = postSolution
		{CC48BAAA-59CD-477E-B5FD-038E34F28BFB}.Debug|Any CPU.ActiveCfg = Debug|Any CPU
		{CC48BAAA-59CD-477E-B5FD-038E34F28BFB}.Debug|Any CPU.Build.0 = Debug|Any CPU
		{CC48BAAA-59CD-477E-B5FD-038E34F28BFB}.Release|Any CPU.ActiveCfg = Release|Any CPU
		{CC48BAAA-59CD-477E-B5FD-038E34F28BFB}.Release|Any CPU.Build.0 = Release|Any CPU
	EndGlobalSection
	GlobalSection(SolutionProperties) = preSolution
		HideSolutionNode = FALSE
	EndGlobalSection
	GlobalSection(ExtensibilityGlobals) = postSolution
		SolutionGuid = {B06634F8-D82B-412B-A414-DB695F1894EB}
	EndGlobalSection
EndGlobal
